
Microsoft Visual Studio Solution File, Format Version 12.00
# Visual Studio 15
VisualStudioVersion = 15.0.28307.438
MinimumVisualStudioVersion = 10.0.40219.1
Project("{FAE04EC0-301F-11D3-BF4B-00C04F79EFBC}") = "SAU", "SAU\SAU.csproj", "{120FBAB7-5821-4B0A-9C72-5203B145EB99}"
EndProject
Project("{FAE04EC0-301F-11D3-BF4B-00C04F79EFBC}") = "SAU.Tests", "SAU.Tests\SAU.Tests.csproj", "{68E4C207-7138-4E19-B3C4-AE22E7B9DB3A}"
EndProject
Project("{FAE04EC0-301F-11D3-BF4B-00C04F79EFBC}") = "JiraApiOpenSourseLibruary", "JiraApiOpenSourseLibrary\JiraApiOpenSourseLibruary.csproj", "{210529FA-454E-4C32-A2C8-353ECBD4DA05}"
EndProject
Global
	GlobalSection(SolutionConfigurationPlatforms) = preSolution
		Debug|Any CPU = Debug|Any CPU
		Release|Any CPU = Release|Any CPU
	EndGlobalSection
	GlobalSection(ProjectConfigurationPlatforms) = postSolution
		{120FBAB7-5821-4B0A-9C72-5203B145EB99}.Debug|Any CPU.ActiveCfg = Debug|Any CPU
		{120FBAB7-5821-4B0A-9C72-5203B145EB99}.Debug|Any CPU.Build.0 = Debug|Any CPU
		{120FBAB7-5821-4B0A-9C72-5203B145EB99}.Release|Any CPU.ActiveCfg = Release|Any CPU
		{120FBAB7-5821-4B0A-9C72-5203B145EB99}.Release|Any CPU.Build.0 = Release|Any CPU
		{68E4C207-7138-4E19-B3C4-AE22E7B9DB3A}.Debug|Any CPU.ActiveCfg = Debug|Any CPU
		{68E4C207-7138-4E19-B3C4-AE22E7B9DB3A}.Debug|Any CPU.Build.0 = Debug|Any CPU
		{68E4C207-7138-4E19-B3C4-AE22E7B9DB3A}.Release|Any CPU.ActiveCfg = Release|Any CPU
		{68E4C207-7138-4E19-B3C4-AE22E7B9DB3A}.Release|Any CPU.Build.0 = Release|Any CPU
		{210529FA-454E-4C32-A2C8-353ECBD4DA05}.Debug|Any CPU.ActiveCfg = Debug|Any CPU
		{210529FA-454E-4C32-A2C8-353ECBD4DA05}.Debug|Any CPU.Build.0 = Debug|Any CPU
		{210529FA-454E-4C32-A2C8-353ECBD4DA05}.Release|Any CPU.ActiveCfg = Release|Any CPU
		{210529FA-454E-4C32-A2C8-353ECBD4DA05}.Release|Any CPU.Build.0 = Release|Any CPU
	EndGlobalSection
	GlobalSection(SolutionProperties) = preSolution
		HideSolutionNode = FALSE
	EndGlobalSection
	GlobalSection(ExtensibilityGlobals) = postSolution
		SolutionGuid = {539EE3CA-62F2-4FA9-8B44-08A444D83758}
	EndGlobalSection
EndGlobal
